
Microsoft Visual Studio Solution File, Format Version 12.00
# Visual Studio Version 16
VisualStudioVersion = 16.0.30413.136
MinimumVisualStudioVersion = 10.0.40219.1
Project("{FAE04EC0-301F-11D3-BF4B-00C04F79EFBC}") = "FormElements", "FormElements.csproj", "{D352E9FF-28BA-4071-847E-7A0754E91603}"
EndProject
Global
	GlobalSection(SolutionConfigurationPlatforms) = preSolution
		Debug|Any CPU = Debug|Any CPU
		Release|Any CPU = Release|Any CPU
	EndGlobalSection
	GlobalSection(ProjectConfigurationPlatforms) = postSolution
		{D352E9FF-28BA-4071-847E-7A0754E91603}.Debug|Any CPU.ActiveCfg = Debug|Any CPU
		{D352E9FF-28BA-4071-847E-7A0754E91603}.Debug|Any CPU.Build.0 = Debug|Any CPU
		{D352E9FF-28BA-4071-847E-7A0754E91603}.Release|Any CPU.ActiveCfg = Release|Any CPU
		{D352E9FF-28BA-4071-847E-7A0754E91603}.Release|Any CPU.Build.0 = Release|Any CPU
	EndGlobalSection
	GlobalSection(SolutionProperties) = preSolution
		HideSolutionNode = FALSE
	EndGlobalSection
	GlobalSection(ExtensibilityGlobals) = postSolution
		SolutionGuid = {C3794077-55B5-4300-BBA5-39BF06BAACC7}
	EndGlobalSection
EndGlobal
